{
  "name": "lab1",
  "version": "1.0.0",
  "lockfileVersion": 3,
  "requires": true,
  "packages": {
    "": {
      "name": "lab1",
      "version": "1.0.0",
      "license": "ISC",
      "dependencies": {
        "dayjs": "^1.11.7"
      },
      "devDependencies": {
        "number-random": "^1.0.0"
      }
    },
    "node_modules/dayjs": {
      "version": "1.11.7",
      "resolved": "https://registry.npmjs.org/dayjs/-/dayjs-1.11.7.tgz",
      "integrity": "sha512-+Yw9U6YO5TQohxLcIkrXBeY73WP3ejHWVvx8XCk3gxvQDCTEmS48ZrSZCKciI7Bhl/uCMyxYtE9UqRILmFphkQ=="
    },
    "node_modules/number-random": {
      "version": "1.0.0",
      "resolved": "https://registry.npmjs.org/number-random/-/number-random-1.0.0.tgz",
      "integrity": "sha512-xIjyw73W8u1NjEb1DPq+s6+6aGZ0uPv2FlmzJU5peKUWe5gOKJkguQpvmWb/LmGjRlZbU0EVklymZm9V9gOsEg==",
      "dev": true
    }
  }
}
